
Microsoft Visual Studio Solution File, Format Version 12.00
# Visual Studio Version 16
VisualStudioVersion = 16.0.31112.23
MinimumVisualStudioVersion = 10.0.40219.1
Project("{FAE04EC0-301F-11D3-BF4B-00C04F79EFBC}") = "officeApi", "officeApi\officeApi.csproj", "{C9BDED83-4A06-449C-963A-9D312B316DC7}"
EndProject
Global
	GlobalSection(SolutionConfigurationPlatforms) = preSolution
		Debug|Any CPU = Debug|Any CPU
		Release|Any CPU = Release|Any CPU
	EndGlobalSection
	GlobalSection(ProjectConfigurationPlatforms) = postSolution
		{C9BDED83-4A06-449C-963A-9D312B316DC7}.Debug|Any CPU.ActiveCfg = Debug|Any CPU
		{C9BDED83-4A06-449C-963A-9D312B316DC7}.Debug|Any CPU.Build.0 = Debug|Any CPU
		{C9BDED83-4A06-449C-963A-9D312B316DC7}.Release|Any CPU.ActiveCfg = Release|Any CPU
		{C9BDED83-4A06-449C-963A-9D312B316DC7}.Release|Any CPU.Build.0 = Release|Any CPU
	EndGlobalSection
	GlobalSection(SolutionProperties) = preSolution
		HideSolutionNode = FALSE
	EndGlobalSection
	GlobalSection(ExtensibilityGlobals) = postSolution
		SolutionGuid = {41B50994-9C39-4469-B6F5-946D38F8314C}
	EndGlobalSection
EndGlobal
